// !$*UTF8*$!
{
	archiveVersion = 1;
	classes = {
	};
	objectVersion = 56;
	objects = {

/* Begin PBXBuildFile section */
		146683B9199C4CC3721D1DB2 /* Pods_ReactorKitCounter.framework in Frameworks */ = {isa = PBXBuildFile; fileRef = A98588115A6782B341B94244 /* Pods_ReactorKitCounter.framework */; };
		64084ADE290A8B4B0098D5A1 /* UIAlertController+extensions.swift in Sources */ = {isa = PBXBuildFile; fileRef = 64084ADD290A8B4B0098D5A1 /* UIAlertController+extensions.swift */; };
		647D62BC2908C30A007D4ED7 /* AppDelegate.swift in Sources */ = {isa = PBXBuildFile; fileRef = 647D62BB2908C30A007D4ED7 /* AppDelegate.swift */; };
		647D62BE2908C30A007D4ED7 /* SceneDelegate.swift in Sources */ = {isa = PBXBuildFile; fileRef = 647D62BD2908C30A007D4ED7 /* SceneDelegate.swift */; };
		647D62C02908C30A007D4ED7 /* CounterViewController.swift in Sources */ = {isa = PBXBuildFile; fileRef = 647D62BF2908C30A007D4ED7 /* CounterViewController.swift */; };
		647D62C32908C30A007D4ED7 /* Main.storyboard in Resources */ = {isa = PBXBuildFile; fileRef = 647D62C12908C30A007D4ED7 /* Main.storyboard */; };
		647D62C52908C30B007D4ED7 /* Assets.xcassets in Resources */ = {isa = PBXBuildFile; fileRef = 647D62C42908C30B007D4ED7 /* Assets.xcassets */; };
		647D62C82908C30B007D4ED7 /* LaunchScreen.storyboard in Resources */ = {isa = PBXBuildFile; fileRef = 647D62C62908C30B007D4ED7 /* LaunchScreen.storyboard */; };
		647D62D02908D1D4007D4ED7 /* CounterViewReactor.swift in Sources */ = {isa = PBXBuildFile; fileRef = 647D62CF2908D1D4007D4ED7 /* CounterViewReactor.swift */; };
/* End PBXBuildFile section */

/* Begin PBXFileReference section */
		64084ADD290A8B4B0098D5A1 /* UIAlertController+extensions.swift */ = {isa = PBXFileReference; lastKnownFileType = sourcecode.swift; path = "UIAlertController+extensions.swift"; sourceTree = "<group>"; };
		647D62B82908C30A007D4ED7 /* ReactorKitCounter.app */ = {isa = PBXFileReference; explicitFileType = wrapper.application; includeInIndex = 0; path = ReactorKitCounter.app; sourceTree = BUILT_PRODUCTS_DIR; };
		647D62BB2908C30A007D4ED7 /* AppDelegate.swift */ = {isa = PBXFileReference; lastKnownFileType = sourcecode.swift; path = AppDelegate.swift; sourceTree = "<group>"; };
		647D62BD2908C30A007D4ED7 /* SceneDelegate.swift */ = {isa = PBXFileReference; lastKnownFileType = sourcecode.swift; path = SceneDelegate.swift; sourceTree = "<group>"; };
		647D62BF2908C30A007D4ED7 /* CounterViewController.swift */ = {isa = PBXFileReference; lastKnownFileType = sourcecode.swift; path = CounterViewController.swift; sourceTree = "<group>"; };
		647D62C22908C30A007D4ED7 /* Base */ = {isa = PBXFileReference; lastKnownFileType = file.storyboard; name = Base; path = Base.lproj/Main.storyboard; sourceTree = "<group>"; };
		647D62C42908C30B007D4ED7 /* Assets.xcassets */ = {isa = PBXFileReference; lastKnownFileType = folder.assetcatalog; path = Assets.xcassets; sourceTree = "<group>"; };
		647D62C72908C30B007D4ED7 /* Base */ = {isa = PBXFileReference; lastKnownFileType = file.storyboard; name = Base; path = Base.lproj/LaunchScreen.storyboard; sourceTree = "<group>"; };
		647D62C92908C30B007D4ED7 /* Info.plist */ = {isa = PBXFileReference; lastKnownFileType = text.plist.xml; path = Info.plist; sourceTree = "<group>"; };
		647D62CF2908D1D4007D4ED7 /* CounterViewReactor.swift */ = {isa = PBXFileReference; lastKnownFileType = sourcecode.swift; path = CounterViewReactor.swift; sourceTree = "<group>"; };
		A98588115A6782B341B94244 /* Pods_ReactorKitCounter.framework */ = {isa = PBXFileReference; explicitFileType = wrapper.framework; includeInIndex = 0; path = Pods_ReactorKitCounter.framework; sourceTree = BUILT_PRODUCTS_DIR; };
		E6605387892FB71B8189CDC5 /* Pods-ReactorKitCounter.debug.xcconfig */ = {isa = PBXFileReference; includeInIndex = 1; lastKnownFileType = text.xcconfig; name = "Pods-ReactorKitCounter.debug.xcconfig"; path = "Target Support Files/Pods-ReactorKitCounter/Pods-ReactorKitCounter.debug.xcconfig"; sourceTree = "<group>"; };
		F0604FE5267F67DA055B157B /* Pods-ReactorKitCounter.release.xcconfig */ = {isa = PBXFileReference; includeInIndex = 1; lastKnownFileType = text.xcconfig; name = "Pods-ReactorKitCounter.release.xcconfig"; path = "Target Support Files/Pods-ReactorKitCounter/Pods-ReactorKitCounter.release.xcconfig"; sourceTree = "<group>"; };
/* End PBXFileReference section */

/* Begin PBXFrameworksBuildPhase section */
		647D62B52908C30A007D4ED7 /* Frameworks */ = {
			isa = PBXFrameworksBuildPhase;
			buildActionMask = 2147483647;
			files = (
				146683B9199C4CC3721D1DB2 /* Pods_ReactorKitCounter.framework in Frameworks */,
			);
			runOnlyForDeploymentPostprocessing = 0;
		};
/* End PBXFrameworksBuildPhase section */

/* Begin PBXGroup section */
		647D62AF2908C30A007D4ED7 = {
			isa = PBXGroup;
			children = (
				647D62BA2908C30A007D4ED7 /* ReactorKitCounter */,
				647D62B92908C30A007D4ED7 /* Products */,
				702E04A4E99EB9DD189330B1 /* Pods */,
				A926D9BEDAFF66A5BAA144B5 /* Frameworks */,
			);
			sourceTree = "<group>";
		};
		647D62B92908C30A007D4ED7 /* Products */ = {
			isa = PBXGroup;
			children = (
				647D62B82908C30A007D4ED7 /* ReactorKitCounter.app */,
			);
			name = Products;
			sourceTree = "<group>";
		};
		647D62BA2908C30A007D4ED7 /* ReactorKitCounter */ = {
			isa = PBXGroup;
			children = (
				647D62BB2908C30A007D4ED7 /* AppDelegate.swift */,
				647D62BD2908C30A007D4ED7 /* SceneDelegate.swift */,
				647D62BF2908C30A007D4ED7 /* CounterViewController.swift */,
				647D62CF2908D1D4007D4ED7 /* CounterViewReactor.swift */,
				647D62C12908C30A007D4ED7 /* Main.storyboard */,
				647D62C42908C30B007D4ED7 /* Assets.xcassets */,
				647D62C62908C30B007D4ED7 /* LaunchScreen.storyboard */,
				647D62C92908C30B007D4ED7 /* Info.plist */,
				64084ADD290A8B4B0098D5A1 /* UIAlertController+extensions.swift */,
			);
			path = ReactorKitCounter;
			sourceTree = "<group>";
		};
		702E04A4E99EB9DD189330B1 /* Pods */ = {
			isa = PBXGroup;
			children = (
				E6605387892FB71B8189CDC5 /* Pods-ReactorKitCounter.debug.xcconfig */,
				F0604FE5267F67DA055B157B /* Pods-ReactorKitCounter.release.xcconfig */,
			);
			path = Pods;
			sourceTree = "<group>";
		};
		A926D9BEDAFF66A5BAA144B5 /* Frameworks */ = {
			isa = PBXGroup;
			children = (
				A98588115A6782B341B94244 /* Pods_ReactorKitCounter.framework */,
			);
			name = Frameworks;
			sourceTree = "<group>";
		};
/* End PBXGroup section */

/* Begin PBXNativeTarget section */
		647D62B72908C30A007D4ED7 /* ReactorKitCounter */ = {
			isa = PBXNativeTarget;
			buildConfigurationList = 647D62CC2908C30B007D4ED7 /* Build configuration list for PBXNativeTarget "ReactorKitCounter" */;
			buildPhases = (
				3AD001CBB36E9CE94984D207 /* [CP] Check Pods Manifest.lock */,
				647D62B42908C30A007D4ED7 /* Sources */,
				647D62B52908C30A007D4ED7 /* Frameworks */,
				647D62B62908C30A007D4ED7 /* Resources */,
				7D3CCB200B2D9188748DD83E /* [CP] Embed Pods Frameworks */,
			);
			buildRules = (
			);
			dependencies = (
			);
			name = ReactorKitCounter;
			productName = ReactorKitCounter;
			productReference = 647D62B82908C30A007D4ED7 /* ReactorKitCounter.app */;
			productType = "com.apple.product-type.application";
		};
/* End PBXNativeTarget section */

/* Begin PBXProject section */
		647D62B02908C30A007D4ED7 /* Project object */ = {
			isa = PBXProject;
			attributes = {
				BuildIndependentTargetsInParallel = 1;
				LastSwiftUpdateCheck = 1400;
				LastUpgradeCheck = 1400;
				TargetAttributes = {
					647D62B72908C30A007D4ED7 = {
						CreatedOnToolsVersion = 14.0.1;
					};
				};
			};
			buildConfigurationList = 647D62B32908C30A007D4ED7 /* Build configuration list for PBXProject "ReactorKitCounter" */;
			compatibilityVersion = "Xcode 14.0";
			developmentRegion = en;
			hasScannedForEncodings = 0;
			knownRegions = (
				en,
				Base,
			);
			mainGroup = 647D62AF2908C30A007D4ED7;
			productRefGroup = 647D62B92908C30A007D4ED7 /* Products */;
			projectDirPath = "";
			projectRoot = "";
			targets = (
				647D62B72908C30A007D4ED7 /* ReactorKitCounter */,
			);
		};
/* End PBXProject section */

/* Begin PBXResourcesBuildPhase section */
		647D62B62908C30A007D4ED7 /* Resources */ = {
			isa = PBXResourcesBuildPhase;
			buildActionMask = 2147483647;
			files = (
				647D62C82908C30B007D4ED7 /* LaunchScreen.storyboard in Resources */,
				647D62C52908C30B007D4ED7 /* Assets.xcassets in Resources */,
				647D62C32908C30A007D4ED7 /* Main.storyboard in Resources */,
			);
			runOnlyForDeploymentPostprocessing = 0;
		};
/* End PBXResourcesBuildPhase section */

/* Begin PBXShellScriptBuildPhase section */
		3AD001CBB36E9CE94984D207 /* [CP] Check Pods Manifest.lock */ = {
			isa = PBXShellScriptBuildPhase;
			buildActionMask = 2147483647;
			files = (
			);
			inputFileListPaths = (
			);
			inputPaths = (
				"${PODS_PODFILE_DIR_PATH}/Podfile.lock",
				"${PODS_ROOT}/Manifest.lock",
			);
			name = "[CP] Check Pods Manifest.lock";
			outputFileListPaths = (
			);
			outputPaths = (
				"$(DERIVED_FILE_DIR)/Pods-ReactorKitCounter-checkManifestLockResult.txt",
			);
			runOnlyForDeploymentPostprocessing = 0;
			shellPath = /bin/sh;
			shellScript = "diff \"${PODS_PODFILE_DIR_PATH}/Podfile.lock\" \"${PODS_ROOT}/Manifest.lock\" > /dev/null\nif [ $? != 0 ] ; then\n    # print error to STDERR\n    echo \"error: The sandbox is not in sync with the Podfile.lock. Run 'pod install' or update your CocoaPods installation.\" >&2\n    exit 1\nfi\n# This output is used by Xcode 'outputs' to avoid re-running this script phase.\necho \"SUCCESS\" > \"${SCRIPT_OUTPUT_FILE_0}\"\n";
			showEnvVarsInLog = 0;
		};
		7D3CCB200B2D9188748DD83E /* [CP] Embed Pods Frameworks */ = {
			isa = PBXShellScriptBuildPhase;
			buildActionMask = 2147483647;
			files = (
			);
			inputFileListPaths = (
				"${PODS_ROOT}/Target Support Files/Pods-ReactorKitCounter/Pods-ReactorKitCounter-frameworks-${CONFIGURATION}-input-files.xcfilelist",
			);
			name = "[CP] Embed Pods Frameworks";
			outputFileListPaths = (
				"${PODS_ROOT}/Target Support Files/Pods-ReactorKitCounter/Pods-ReactorKitCounter-frameworks-${CONFIGURATION}-output-files.xcfilelist",
			);
			runOnlyForDeploymentPostprocessing = 0;
			shellPath = /bin/sh;
			shellScript = "\"${PODS_ROOT}/Target Support Files/Pods-ReactorKitCounter/Pods-ReactorKitCounter-frameworks.sh\"\n";
			showEnvVarsInLog = 0;
		};
/* End PBXShellScriptBuildPhase section */

/* Begin PBXSourcesBuildPhase section */
		647D62B42908C30A007D4ED7 /* Sources */ = {
			isa = PBXSourcesBuildPhase;
			buildActionMask = 2147483647;
			files = (
				64084ADE290A8B4B0098D5A1 /* UIAlertController+extensions.swift in Sources */,
				647D62C02908C30A007D4ED7 /* CounterViewController.swift in Sources */,
				647D62BC2908C30A007D4ED7 /* AppDelegate.swift in Sources */,
				647D62D02908D1D4007D4ED7 /* CounterViewReactor.swift in Sources */,
				647D62BE2908C30A007D4ED7 /* SceneDelegate.swift in Sources */,
			);
			runOnlyForDeploymentPostprocessing = 0;
		};
/* End PBXSourcesBuildPhase section */

/* Begin PBXVariantGroup section */
		647D62C12908C30A007D4ED7 /* Main.storyboard */ = {
			isa = PBXVariantGroup;
			children = (
				647D62C22908C30A007D4ED7 /* Base */,
			);
			name = Main.storyboard;
			sourceTree = "<group>";
		};
		647D62C62908C30B007D4ED7 /* LaunchScreen.storyboard */ = {
			isa = PBXVariantGroup;
			children = (
				647D62C72908C30B007D4ED7 /* Base */,
			);
			name = LaunchScreen.storyboard;
			sourceTree = "<group>";
		};
/* End PBXVariantGroup section */

/* Begin XCBuildConfiguration section */
		647D62CA2908C30B007D4ED7 /* Debug */ = {
			isa = XCBuildConfiguration;
			buildSettings = {
				ALWAYS_SEARCH_USER_PATHS = NO;
				CLANG_ANALYZER_NONNULL = YES;
				CLANG_ANALYZER_NUMBER_OBJECT_CONVERSION = YES_AGGRESSIVE;
				CLANG_CXX_LANGUAGE_STANDARD = "gnu++20";
				CLANG_ENABLE_MODULES = YES;
				CLANG_ENABLE_OBJC_ARC = YES;
				CLANG_ENABLE_OBJC_WEAK = YES;
				CLANG_WARN_BLOCK_CAPTURE_AUTORELEASING = YES;
				CLANG_WARN_BOOL_CONVERSION = YES;
				CLANG_WARN_COMMA = YES;
				CLANG_WARN_CONSTANT_CONVERSION = YES;
				CLANG_WARN_DEPRECATED_OBJC_IMPLEMENTATIONS = YES;
				CLANG_WARN_DIRECT_OBJC_ISA_USAGE = YES_ERROR;
				CLANG_WARN_DOCUMENTATION_COMMENTS = YES;
				CLANG_WARN_EMPTY_BODY = YES;
				CLANG_WARN_ENUM_CONVERSION = YES;
				CLANG_WARN_INFINITE_RECURSION = YES;
				CLANG_WARN_INT_CONVERSION = YES;
				CLANG_WARN_NON_LITERAL_NULL_CONVERSION = YES;
				CLANG_WARN_OBJC_IMPLICIT_RETAIN_SELF = YES;
				CLANG_WARN_OBJC_LITERAL_CONVERSION = YES;
				CLANG_WARN_OBJC_ROOT_CLASS = YES_ERROR;
				CLANG_WARN_QUOTED_INCLUDE_IN_FRAMEWORK_HEADER = YES;
				CLANG_WARN_RANGE_LOOP_ANALYSIS = YES;
				CLANG_WARN_STRICT_PROTOTYPES = YES;
				CLANG_WARN_SUSPICIOUS_MOVE = YES;
				CLANG_WARN_UNGUARDED_AVAILABILITY = YES_AGGRESSIVE;
				CLANG_WARN_UNREACHABLE_CODE = YES;
				CLANG_WARN__DUPLICATE_METHOD_MATCH = YES;
				COPY_PHASE_STRIP = NO;
				DEBUG_INFORMATION_FORMAT = dwarf;
				ENABLE_STRICT_OBJC_MSGSEND = YES;
				ENABLE_TESTABILITY = YES;
				GCC_C_LANGUAGE_STANDARD = gnu11;
				GCC_DYNAMIC_NO_PIC = NO;
				GCC_NO_COMMON_BLOCKS = YES;
				GCC_OPTIMIZATION_LEVEL = 0;
				GCC_PREPROCESSOR_DEFINITIONS = (
					"DEBUG=1",
					"$(inherited)",
				);
				GCC_WARN_64_TO_32_BIT_CONVERSION = YES;
				GCC_WARN_ABOUT_RETURN_TYPE = YES_ERROR;
				GCC_WARN_UNDECLARED_SELECTOR = YES;
				GCC_WARN_UNINITIALIZED_AUTOS = YES_AGGRESSIVE;
				GCC_WARN_UNUSED_FUNCTION = YES;
				GCC_WARN_UNUSED_VARIABLE = YES;
				IPHONEOS_DEPLOYMENT_TARGET = 16.0;
				MTL_ENABLE_DEBUG_INFO = INCLUDE_SOURCE;
				MTL_FAST_MATH = YES;
				ONLY_ACTIVE_ARCH = YES;
				SDKROOT = iphoneos;
				SWIFT_ACTIVE_COMPILATION_CONDITIONS = DEBUG;
				SWIFT_OPTIMIZATION_LEVEL = "-Onone";
			};
			name = Debug;
		};
		647D62CB2908C30B007D4ED7 /* Release */ = {
			isa = XCBuildConfiguration;
			buildSettings = {
				ALWAYS_SEARCH_USER_PATHS = NO;
				CLANG_ANALYZER_NONNULL = YES;
				CLANG_ANALYZER_NUMBER_OBJECT_CONVERSION = YES_AGGRESSIVE;
				CLANG_CXX_LANGUAGE_STANDARD = "gnu++20";
				CLANG_ENABLE_MODULES = YES;
				CLANG_ENABLE_OBJC_ARC = YES;
				CLANG_ENABLE_OBJC_WEAK = YES;
				CLANG_WARN_BLOCK_CAPTURE_AUTORELEASING = YES;
				CLANG_WARN_BOOL_CONVERSION = YES;
				CLANG_WARN_COMMA = YES;
				CLANG_WARN_CONSTANT_CONVERSION = YES;
				CLANG_WARN_DEPRECATED_OBJC_IMPLEMENTATIONS = YES;
				CLANG_WARN_DIRECT_OBJC_ISA_USAGE = YES_ERROR;
				CLANG_WARN_DOCUMENTATION_COMMENTS = YES;
				CLANG_WARN_EMPTY_BODY = YES;
				CLANG_WARN_ENUM_CONVERSION = YES;
				CLANG_WARN_INFINITE_RECURSION = YES;
				CLANG_WARN_INT_CONVERSION = YES;
				CLANG_WARN_NON_LITERAL_NULL_CONVERSION = YES;
				CLANG_WARN_OBJC_IMPLICIT_RETAIN_SELF = YES;
				CLANG_WARN_OBJC_LITERAL_CONVERSION = YES;
				CLANG_WARN_OBJC_ROOT_CLASS = YES_ERROR;
				CLANG_WARN_QUOTED_INCLUDE_IN_FRAMEWORK_HEADER = YES;
				CLANG_WARN_RANGE_LOOP_ANALYSIS = YES;
				CLANG_WARN_STRICT_PROTOTYPES = YES;
				CLANG_WARN_SUSPICIOUS_MOVE = YES;
				CLANG_WARN_UNGUARDED_AVAILABILITY = YES_AGGRESSIVE;
				CLANG_WARN_UNREACHABLE_CODE = YES;
				CLANG_WARN__DUPLICATE_METHOD_MATCH = YES;
				COPY_PHASE_STRIP = NO;
				DEBUG_INFORMATION_FORMAT = "dwarf-with-dsym";
				ENABLE_NS_ASSERTIONS = NO;
				ENABLE_STRICT_OBJC_MSGSEND = YES;
				GCC_C_LANGUAGE_STANDARD = gnu11;
				GCC_NO_COMMON_BLOCKS = YES;
				GCC_WARN_64_TO_32_BIT_CONVERSION = YES;
				GCC_WARN_ABOUT_RETURN_TYPE = YES_ERROR;
				GCC_WARN_UNDECLARED_SELECTOR = YES;
				GCC_WARN_UNINITIALIZED_AUTOS = YES_AGGRESSIVE;
				GCC_WARN_UNUSED_FUNCTION = YES;
				GCC_WARN_UNUSED_VARIABLE = YES;
				IPHONEOS_DEPLOYMENT_TARGET = 16.0;
				MTL_ENABLE_DEBUG_INFO = NO;
				MTL_FAST_MATH = YES;
				SDKROOT = iphoneos;
				SWIFT_COMPILATION_MODE = wholemodule;
				SWIFT_OPTIMIZATION_LEVEL = "-O";
				VALIDATE_PRODUCT = YES;
			};
			name = Release;
		};
		647D62CD2908C30B007D4ED7 /* Debug */ = {
			isa = XCBuildConfiguration;
			baseConfigurationReference = E6605387892FB71B8189CDC5 /* Pods-ReactorKitCounter.debug.xcconfig */;
			buildSettings = {
				ASSETCATALOG_COMPILER_APPICON_NAME = AppIcon;
				ASSETCATALOG_COMPILER_GLOBAL_ACCENT_COLOR_NAME = AccentColor;
				CODE_SIGN_STYLE = Automatic;
				CURRENT_PROJECT_VERSION = 1;
				GENERATE_INFOPLIST_FILE = YES;
				INFOPLIST_FILE = ReactorKitCounter/Info.plist;
				INFOPLIST_KEY_UIApplicationSupportsIndirectInputEvents = YES;
				INFOPLIST_KEY_UILaunchStoryboardName = LaunchScreen;
				INFOPLIST_KEY_UIMainStoryboardFile = Main;
				INFOPLIST_KEY_UISupportedInterfaceOrientations_iPad = "UIInterfaceOrientationPortrait UIInterfaceOrientationPortraitUpsideDown UIInterfaceOrientationLandscapeLeft UIInterfaceOrientationLandscapeRight";
				INFOPLIST_KEY_UISupportedInterfaceOrientations_iPhone = "UIInterfaceOrientationPortrait UIInterfaceOrientationLandscapeLeft UIInterfaceOrientationLandscapeRight";
				IPHONEOS_DEPLOYMENT_TARGET = 15.0;
				LD_RUNPATH_SEARCH_PATHS = (
					"$(inherited)",
					"@executable_path/Frameworks",
				);
				MARKETING_VERSION = 1.0;
				PRODUCT_BUNDLE_IDENTIFIER = taetae.ReactorKitCounter;
				PRODUCT_NAME = "$(TARGET_NAME)";
				SWIFT_EMIT_LOC_STRINGS = YES;
				SWIFT_VERSION = 5.0;
				TARGETED_DEVICE_FAMILY = "1,2";
			};
			name = Debug;
		};
		647D62CE2908C30B007D4ED7 /* Release */ = {
			isa = XCBuildConfiguration;
			baseConfigurationReference = F0604FE5267F67DA055B157B /* Pods-ReactorKitCounter.release.xcconfig */;
			buildSettings = {
				ASSETCATALOG_COMPILER_APPICON_NAME = AppIcon;
				ASSETCATALOG_COMPILER_GLOBAL_ACCENT_COLOR_NAME = AccentColor;
				CODE_SIGN_STYLE = Automatic;
				CURRENT_PROJECT_VERSION = 1;
				GENERATE_INFOPLIST_FILE = YES;
				INFOPLIST_FILE = ReactorKitCounter/Info.plist;
				INFOPLIST_KEY_UIApplicationSupportsIndirectInputEvents = YES;
				INFOPLIST_KEY_UILaunchStoryboardName = LaunchScreen;
				INFOPLIST_KEY_UIMainStoryboardFile = Main;
				INFOPLIST_KEY_UISupportedInterfaceOrientations_iPad = "UIInterfaceOrientationPortrait UIInterfaceOrientationPortraitUpsideDown UIInterfaceOrientationLandscapeLeft UIInterfaceOrientationLandscapeRight";
				INFOPLIST_KEY_UISupportedInterfaceOrientations_iPhone = "UIInterfaceOrientationPortrait UIInterfaceOrientationLandscapeLeft UIInterfaceOrientationLandscapeRight";
				IPHONEOS_DEPLOYMENT_TARGET = 15.0;
				LD_RUNPATH_SEARCH_PATHS = (
					"$(inherited)",
					"@executable_path/Frameworks",
				);
				MARKETING_VERSION = 1.0;
				PRODUCT_BUNDLE_IDENTIFIER = taetae.ReactorKitCounter;
				PRODUCT_NAME = "$(TARGET_NAME)";
				SWIFT_EMIT_LOC_STRINGS = YES;
				SWIFT_VERSION = 5.0;
				TARGETED_DEVICE_FAMILY = "1,2";
			};
			name = Release;
		};
/* End XCBuildConfiguration section */

/* Begin XCConfigurationList section */
		647D62B32908C30A007D4ED7 /* Build configuration list for PBXProject "ReactorKitCounter" */ = {
			isa = XCConfigurationList;
			buildConfigurations = (
				647D62CA2908C30B007D4ED7 /* Debug */,
				647D62CB2908C30B007D4ED7 /* Release */,
			);
			defaultConfigurationIsVisible = 0;
			defaultConfigurationName = Release;
		};
		647D62CC2908C30B007D4ED7 /* Build configuration list for PBXNativeTarget "ReactorKitCounter" */ = {
			isa = XCConfigurationList;
			buildConfigurations = (
				647D62CD2908C30B007D4ED7 /* Debug */,
				647D62CE2908C30B007D4ED7 /* Release */,
			);
			defaultConfigurationIsVisible = 0;
			defaultConfigurationName = Release;
		};
/* End XCConfigurationList section */
	};
	rootObject = 647D62B02908C30A007D4ED7 /* Project object */;
}
