// !$*UTF8*$!
{
	archiveVersion = 1;
	classes = {
	};
	objectVersion = 56;
	objects = {

/* Begin PBXBuildFile section */
		64DCB5F0290A436400FDAF8F /* TCACounterApp.swift in Sources */ = {isa = PBXBuildFile; fileRef = 64DCB5EF290A436400FDAF8F /* TCACounterApp.swift */; };
		64DCB5F2290A436400FDAF8F /* CounterView.swift in Sources */ = {isa = PBXBuildFile; fileRef = 64DCB5F1290A436400FDAF8F /* CounterView.swift */; };
		64DCB5F4290A436500FDAF8F /* Assets.xcassets in Resources */ = {isa = PBXBuildFile; fileRef = 64DCB5F3290A436500FDAF8F /* Assets.xcassets */; };
		64DCB5F7290A436500FDAF8F /* Preview Assets.xcassets in Resources */ = {isa = PBXBuildFile; fileRef = 64DCB5F6290A436500FDAF8F /* Preview Assets.xcassets */; };
		64DCB600290A448800FDAF8F /* CounterCore.swift in Sources */ = {isa = PBXBuildFile; fileRef = 64DCB5FF290A448800FDAF8F /* CounterCore.swift */; };
		64DCB602290A472F00FDAF8F /* PrimeCore.swift in Sources */ = {isa = PBXBuildFile; fileRef = 64DCB601290A472F00FDAF8F /* PrimeCore.swift */; };
		64F76825290A7F8300F1DD89 /* ComposableArchitecture in Frameworks */ = {isa = PBXBuildFile; productRef = 64F76824290A7F8300F1DD89 /* ComposableArchitecture */; };
		64F76827290A7F8300F1DD89 /* Dependencies in Frameworks */ = {isa = PBXBuildFile; productRef = 64F76826290A7F8300F1DD89 /* Dependencies */; };
/* End PBXBuildFile section */

/* Begin PBXFileReference section */
		64DCB5EC290A436400FDAF8F /* TCACounter.app */ = {isa = PBXFileReference; explicitFileType = wrapper.application; includeInIndex = 0; path = TCACounter.app; sourceTree = BUILT_PRODUCTS_DIR; };
		64DCB5EF290A436400FDAF8F /* TCACounterApp.swift */ = {isa = PBXFileReference; lastKnownFileType = sourcecode.swift; path = TCACounterApp.swift; sourceTree = "<group>"; };
		64DCB5F1290A436400FDAF8F /* CounterView.swift */ = {isa = PBXFileReference; lastKnownFileType = sourcecode.swift; path = CounterView.swift; sourceTree = "<group>"; };
		64DCB5F3290A436500FDAF8F /* Assets.xcassets */ = {isa = PBXFileReference; lastKnownFileType = folder.assetcatalog; path = Assets.xcassets; sourceTree = "<group>"; };
		64DCB5F6290A436500FDAF8F /* Preview Assets.xcassets */ = {isa = PBXFileReference; lastKnownFileType = folder.assetcatalog; path = "Preview Assets.xcassets"; sourceTree = "<group>"; };
		64DCB5FF290A448800FDAF8F /* CounterCore.swift */ = {isa = PBXFileReference; lastKnownFileType = sourcecode.swift; path = CounterCore.swift; sourceTree = "<group>"; };
		64DCB601290A472F00FDAF8F /* PrimeCore.swift */ = {isa = PBXFileReference; lastKnownFileType = sourcecode.swift; path = PrimeCore.swift; sourceTree = "<group>"; };
/* End PBXFileReference section */

/* Begin PBXFrameworksBuildPhase section */
		64DCB5E9290A436400FDAF8F /* Frameworks */ = {
			isa = PBXFrameworksBuildPhase;
			buildActionMask = 2147483647;
			files = (
				64F76825290A7F8300F1DD89 /* ComposableArchitecture in Frameworks */,
				64F76827290A7F8300F1DD89 /* Dependencies in Frameworks */,
			);
			runOnlyForDeploymentPostprocessing = 0;
		};
/* End PBXFrameworksBuildPhase section */

/* Begin PBXGroup section */
		64DCB5E3290A436400FDAF8F = {
			isa = PBXGroup;
			children = (
				64DCB5EE290A436400FDAF8F /* TCACounter */,
				64DCB5ED290A436400FDAF8F /* Products */,
			);
			sourceTree = "<group>";
		};
		64DCB5ED290A436400FDAF8F /* Products */ = {
			isa = PBXGroup;
			children = (
				64DCB5EC290A436400FDAF8F /* TCACounter.app */,
			);
			name = Products;
			sourceTree = "<group>";
		};
		64DCB5EE290A436400FDAF8F /* TCACounter */ = {
			isa = PBXGroup;
			children = (
				64DCB5EF290A436400FDAF8F /* TCACounterApp.swift */,
				64DCB5F1290A436400FDAF8F /* CounterView.swift */,
				64DCB5FF290A448800FDAF8F /* CounterCore.swift */,
				64DCB601290A472F00FDAF8F /* PrimeCore.swift */,
				64DCB5F3290A436500FDAF8F /* Assets.xcassets */,
				64DCB5F5290A436500FDAF8F /* Preview Content */,
			);
			path = TCACounter;
			sourceTree = "<group>";
		};
		64DCB5F5290A436500FDAF8F /* Preview Content */ = {
			isa = PBXGroup;
			children = (
				64DCB5F6290A436500FDAF8F /* Preview Assets.xcassets */,
			);
			path = "Preview Content";
			sourceTree = "<group>";
		};
/* End PBXGroup section */

/* Begin PBXNativeTarget section */
		64DCB5EB290A436400FDAF8F /* TCACounter */ = {
			isa = PBXNativeTarget;
			buildConfigurationList = 64DCB5FA290A436500FDAF8F /* Build configuration list for PBXNativeTarget "TCACounter" */;
			buildPhases = (
				64DCB5E8290A436400FDAF8F /* Sources */,
				64DCB5E9290A436400FDAF8F /* Frameworks */,
				64DCB5EA290A436400FDAF8F /* Resources */,
			);
			buildRules = (
			);
			dependencies = (
			);
			name = TCACounter;
			packageProductDependencies = (
				64F76824290A7F8300F1DD89 /* ComposableArchitecture */,
				64F76826290A7F8300F1DD89 /* Dependencies */,
			);
			productName = TCACounter;
			productReference = 64DCB5EC290A436400FDAF8F /* TCACounter.app */;
			productType = "com.apple.product-type.application";
		};
/* End PBXNativeTarget section */

/* Begin PBXProject section */
		64DCB5E4290A436400FDAF8F /* Project object */ = {
			isa = PBXProject;
			attributes = {
				BuildIndependentTargetsInParallel = 1;
				LastSwiftUpdateCheck = 1410;
				LastUpgradeCheck = 1410;
				TargetAttributes = {
					64DCB5EB290A436400FDAF8F = {
						CreatedOnToolsVersion = 14.1;
					};
				};
			};
			buildConfigurationList = 64DCB5E7290A436400FDAF8F /* Build configuration list for PBXProject "TCACounter" */;
			compatibilityVersion = "Xcode 14.0";
			developmentRegion = en;
			hasScannedForEncodings = 0;
			knownRegions = (
				en,
				Base,
			);
			mainGroup = 64DCB5E3290A436400FDAF8F;
			packageReferences = (
				64F76823290A7F8300F1DD89 /* XCRemoteSwiftPackageReference "swift-composable-architecture" */,
			);
			productRefGroup = 64DCB5ED290A436400FDAF8F /* Products */;
			projectDirPath = "";
			projectRoot = "";
			targets = (
				64DCB5EB290A436400FDAF8F /* TCACounter */,
			);
		};
/* End PBXProject section */

/* Begin PBXResourcesBuildPhase section */
		64DCB5EA290A436400FDAF8F /* Resources */ = {
			isa = PBXResourcesBuildPhase;
			buildActionMask = 2147483647;
			files = (
				64DCB5F7290A436500FDAF8F /* Preview Assets.xcassets in Resources */,
				64DCB5F4290A436500FDAF8F /* Assets.xcassets in Resources */,
			);
			runOnlyForDeploymentPostprocessing = 0;
		};
/* End PBXResourcesBuildPhase section */

/* Begin PBXSourcesBuildPhase section */
		64DCB5E8290A436400FDAF8F /* Sources */ = {
			isa = PBXSourcesBuildPhase;
			buildActionMask = 2147483647;
			files = (
				64DCB5F2290A436400FDAF8F /* CounterView.swift in Sources */,
				64DCB602290A472F00FDAF8F /* PrimeCore.swift in Sources */,
				64DCB600290A448800FDAF8F /* CounterCore.swift in Sources */,
				64DCB5F0290A436400FDAF8F /* TCACounterApp.swift in Sources */,
			);
			runOnlyForDeploymentPostprocessing = 0;
		};
/* End PBXSourcesBuildPhase section */

/* Begin XCBuildConfiguration section */
		64DCB5F8290A436500FDAF8F /* Debug */ = {
			isa = XCBuildConfiguration;
			buildSettings = {
				ALWAYS_SEARCH_USER_PATHS = NO;
				CLANG_ANALYZER_NONNULL = YES;
				CLANG_ANALYZER_NUMBER_OBJECT_CONVERSION = YES_AGGRESSIVE;
				CLANG_CXX_LANGUAGE_STANDARD = "gnu++20";
				CLANG_ENABLE_MODULES = YES;
				CLANG_ENABLE_OBJC_ARC = YES;
				CLANG_ENABLE_OBJC_WEAK = YES;
				CLANG_WARN_BLOCK_CAPTURE_AUTORELEASING = YES;
				CLANG_WARN_BOOL_CONVERSION = YES;
				CLANG_WARN_COMMA = YES;
				CLANG_WARN_CONSTANT_CONVERSION = YES;
				CLANG_WARN_DEPRECATED_OBJC_IMPLEMENTATIONS = YES;
				CLANG_WARN_DIRECT_OBJC_ISA_USAGE = YES_ERROR;
				CLANG_WARN_DOCUMENTATION_COMMENTS = YES;
				CLANG_WARN_EMPTY_BODY = YES;
				CLANG_WARN_ENUM_CONVERSION = YES;
				CLANG_WARN_INFINITE_RECURSION = YES;
				CLANG_WARN_INT_CONVERSION = YES;
				CLANG_WARN_NON_LITERAL_NULL_CONVERSION = YES;
				CLANG_WARN_OBJC_IMPLICIT_RETAIN_SELF = YES;
				CLANG_WARN_OBJC_LITERAL_CONVERSION = YES;
				CLANG_WARN_OBJC_ROOT_CLASS = YES_ERROR;
				CLANG_WARN_QUOTED_INCLUDE_IN_FRAMEWORK_HEADER = YES;
				CLANG_WARN_RANGE_LOOP_ANALYSIS = YES;
				CLANG_WARN_STRICT_PROTOTYPES = YES;
				CLANG_WARN_SUSPICIOUS_MOVE = YES;
				CLANG_WARN_UNGUARDED_AVAILABILITY = YES_AGGRESSIVE;
				CLANG_WARN_UNREACHABLE_CODE = YES;
				CLANG_WARN__DUPLICATE_METHOD_MATCH = YES;
				COPY_PHASE_STRIP = NO;
				DEBUG_INFORMATION_FORMAT = dwarf;
				ENABLE_STRICT_OBJC_MSGSEND = YES;
				ENABLE_TESTABILITY = YES;
				GCC_C_LANGUAGE_STANDARD = gnu11;
				GCC_DYNAMIC_NO_PIC = NO;
				GCC_NO_COMMON_BLOCKS = YES;
				GCC_OPTIMIZATION_LEVEL = 0;
				GCC_PREPROCESSOR_DEFINITIONS = (
					"DEBUG=1",
					"$(inherited)",
				);
				GCC_WARN_64_TO_32_BIT_CONVERSION = YES;
				GCC_WARN_ABOUT_RETURN_TYPE = YES_ERROR;
				GCC_WARN_UNDECLARED_SELECTOR = YES;
				GCC_WARN_UNINITIALIZED_AUTOS = YES_AGGRESSIVE;
				GCC_WARN_UNUSED_FUNCTION = YES;
				GCC_WARN_UNUSED_VARIABLE = YES;
				IPHONEOS_DEPLOYMENT_TARGET = 15.0;
				MTL_ENABLE_DEBUG_INFO = INCLUDE_SOURCE;
				MTL_FAST_MATH = YES;
				ONLY_ACTIVE_ARCH = YES;
				SDKROOT = iphoneos;
				SWIFT_ACTIVE_COMPILATION_CONDITIONS = DEBUG;
				SWIFT_OPTIMIZATION_LEVEL = "-Onone";
			};
			name = Debug;
		};
		64DCB5F9290A436500FDAF8F /* Release */ = {
			isa = XCBuildConfiguration;
			buildSettings = {
				ALWAYS_SEARCH_USER_PATHS = NO;
				CLANG_ANALYZER_NONNULL = YES;
				CLANG_ANALYZER_NUMBER_OBJECT_CONVERSION = YES_AGGRESSIVE;
				CLANG_CXX_LANGUAGE_STANDARD = "gnu++20";
				CLANG_ENABLE_MODULES = YES;
				CLANG_ENABLE_OBJC_ARC = YES;
				CLANG_ENABLE_OBJC_WEAK = YES;
				CLANG_WARN_BLOCK_CAPTURE_AUTORELEASING = YES;
				CLANG_WARN_BOOL_CONVERSION = YES;
				CLANG_WARN_COMMA = YES;
				CLANG_WARN_CONSTANT_CONVERSION = YES;
				CLANG_WARN_DEPRECATED_OBJC_IMPLEMENTATIONS = YES;
				CLANG_WARN_DIRECT_OBJC_ISA_USAGE = YES_ERROR;
				CLANG_WARN_DOCUMENTATION_COMMENTS = YES;
				CLANG_WARN_EMPTY_BODY = YES;
				CLANG_WARN_ENUM_CONVERSION = YES;
				CLANG_WARN_INFINITE_RECURSION = YES;
				CLANG_WARN_INT_CONVERSION = YES;
				CLANG_WARN_NON_LITERAL_NULL_CONVERSION = YES;
				CLANG_WARN_OBJC_IMPLICIT_RETAIN_SELF = YES;
				CLANG_WARN_OBJC_LITERAL_CONVERSION = YES;
				CLANG_WARN_OBJC_ROOT_CLASS = YES_ERROR;
				CLANG_WARN_QUOTED_INCLUDE_IN_FRAMEWORK_HEADER = YES;
				CLANG_WARN_RANGE_LOOP_ANALYSIS = YES;
				CLANG_WARN_STRICT_PROTOTYPES = YES;
				CLANG_WARN_SUSPICIOUS_MOVE = YES;
				CLANG_WARN_UNGUARDED_AVAILABILITY = YES_AGGRESSIVE;
				CLANG_WARN_UNREACHABLE_CODE = YES;
				CLANG_WARN__DUPLICATE_METHOD_MATCH = YES;
				COPY_PHASE_STRIP = NO;
				DEBUG_INFORMATION_FORMAT = "dwarf-with-dsym";
				ENABLE_NS_ASSERTIONS = NO;
				ENABLE_STRICT_OBJC_MSGSEND = YES;
				GCC_C_LANGUAGE_STANDARD = gnu11;
				GCC_NO_COMMON_BLOCKS = YES;
				GCC_WARN_64_TO_32_BIT_CONVERSION = YES;
				GCC_WARN_ABOUT_RETURN_TYPE = YES_ERROR;
				GCC_WARN_UNDECLARED_SELECTOR = YES;
				GCC_WARN_UNINITIALIZED_AUTOS = YES_AGGRESSIVE;
				GCC_WARN_UNUSED_FUNCTION = YES;
				GCC_WARN_UNUSED_VARIABLE = YES;
				IPHONEOS_DEPLOYMENT_TARGET = 15.0;
				MTL_ENABLE_DEBUG_INFO = NO;
				MTL_FAST_MATH = YES;
				SDKROOT = iphoneos;
				SWIFT_COMPILATION_MODE = wholemodule;
				SWIFT_OPTIMIZATION_LEVEL = "-O";
				VALIDATE_PRODUCT = YES;
			};
			name = Release;
		};
		64DCB5FB290A436500FDAF8F /* Debug */ = {
			isa = XCBuildConfiguration;
			buildSettings = {
				ASSETCATALOG_COMPILER_APPICON_NAME = AppIcon;
				ASSETCATALOG_COMPILER_GLOBAL_ACCENT_COLOR_NAME = AccentColor;
				CODE_SIGN_STYLE = Automatic;
				CURRENT_PROJECT_VERSION = 1;
				DEVELOPMENT_ASSET_PATHS = "\"TCACounter/Preview Content\"";
				ENABLE_PREVIEWS = YES;
				GENERATE_INFOPLIST_FILE = YES;
				INFOPLIST_KEY_UIApplicationSceneManifest_Generation = YES;
				INFOPLIST_KEY_UIApplicationSupportsIndirectInputEvents = YES;
				INFOPLIST_KEY_UILaunchScreen_Generation = YES;
				INFOPLIST_KEY_UISupportedInterfaceOrientations_iPad = "UIInterfaceOrientationPortrait UIInterfaceOrientationPortraitUpsideDown UIInterfaceOrientationLandscapeLeft UIInterfaceOrientationLandscapeRight";
				INFOPLIST_KEY_UISupportedInterfaceOrientations_iPhone = "UIInterfaceOrientationPortrait UIInterfaceOrientationLandscapeLeft UIInterfaceOrientationLandscapeRight";
				LD_RUNPATH_SEARCH_PATHS = (
					"$(inherited)",
					"@executable_path/Frameworks",
				);
				MARKETING_VERSION = 1.0;
				PRODUCT_BUNDLE_IDENTIFIER = taetae.TCACounter;
				PRODUCT_NAME = "$(TARGET_NAME)";
				SWIFT_EMIT_LOC_STRINGS = YES;
				SWIFT_VERSION = 5.0;
				TARGETED_DEVICE_FAMILY = "1,2";
			};
			name = Debug;
		};
		64DCB5FC290A436500FDAF8F /* Release */ = {
			isa = XCBuildConfiguration;
			buildSettings = {
				ASSETCATALOG_COMPILER_APPICON_NAME = AppIcon;
				ASSETCATALOG_COMPILER_GLOBAL_ACCENT_COLOR_NAME = AccentColor;
				CODE_SIGN_STYLE = Automatic;
				CURRENT_PROJECT_VERSION = 1;
				DEVELOPMENT_ASSET_PATHS = "\"TCACounter/Preview Content\"";
				ENABLE_PREVIEWS = YES;
				GENERATE_INFOPLIST_FILE = YES;
				INFOPLIST_KEY_UIApplicationSceneManifest_Generation = YES;
				INFOPLIST_KEY_UIApplicationSupportsIndirectInputEvents = YES;
				INFOPLIST_KEY_UILaunchScreen_Generation = YES;
				INFOPLIST_KEY_UISupportedInterfaceOrientations_iPad = "UIInterfaceOrientationPortrait UIInterfaceOrientationPortraitUpsideDown UIInterfaceOrientationLandscapeLeft UIInterfaceOrientationLandscapeRight";
				INFOPLIST_KEY_UISupportedInterfaceOrientations_iPhone = "UIInterfaceOrientationPortrait UIInterfaceOrientationLandscapeLeft UIInterfaceOrientationLandscapeRight";
				LD_RUNPATH_SEARCH_PATHS = (
					"$(inherited)",
					"@executable_path/Frameworks",
				);
				MARKETING_VERSION = 1.0;
				PRODUCT_BUNDLE_IDENTIFIER = taetae.TCACounter;
				PRODUCT_NAME = "$(TARGET_NAME)";
				SWIFT_EMIT_LOC_STRINGS = YES;
				SWIFT_VERSION = 5.0;
				TARGETED_DEVICE_FAMILY = "1,2";
			};
			name = Release;
		};
/* End XCBuildConfiguration section */

/* Begin XCConfigurationList section */
		64DCB5E7290A436400FDAF8F /* Build configuration list for PBXProject "TCACounter" */ = {
			isa = XCConfigurationList;
			buildConfigurations = (
				64DCB5F8290A436500FDAF8F /* Debug */,
				64DCB5F9290A436500FDAF8F /* Release */,
			);
			defaultConfigurationIsVisible = 0;
			defaultConfigurationName = Release;
		};
		64DCB5FA290A436500FDAF8F /* Build configuration list for PBXNativeTarget "TCACounter" */ = {
			isa = XCConfigurationList;
			buildConfigurations = (
				64DCB5FB290A436500FDAF8F /* Debug */,
				64DCB5FC290A436500FDAF8F /* Release */,
			);
			defaultConfigurationIsVisible = 0;
			defaultConfigurationName = Release;
		};
/* End XCConfigurationList section */

/* Begin XCRemoteSwiftPackageReference section */
		64F76823290A7F8300F1DD89 /* XCRemoteSwiftPackageReference "swift-composable-architecture" */ = {
			isa = XCRemoteSwiftPackageReference;
			repositoryURL = "https://github.com/pointfreeco/swift-composable-architecture";
			requirement = {
				kind = exactVersion;
				version = 0.44.1;
			};
		};
/* End XCRemoteSwiftPackageReference section */

/* Begin XCSwiftPackageProductDependency section */
		64F76824290A7F8300F1DD89 /* ComposableArchitecture */ = {
			isa = XCSwiftPackageProductDependency;
			package = 64F76823290A7F8300F1DD89 /* XCRemoteSwiftPackageReference "swift-composable-architecture" */;
			productName = ComposableArchitecture;
		};
		64F76826290A7F8300F1DD89 /* Dependencies */ = {
			isa = XCSwiftPackageProductDependency;
			package = 64F76823290A7F8300F1DD89 /* XCRemoteSwiftPackageReference "swift-composable-architecture" */;
			productName = Dependencies;
		};
/* End XCSwiftPackageProductDependency section */
	};
	rootObject = 64DCB5E4290A436400FDAF8F /* Project object */;
}
